
Microsoft Visual Studio Solution File, Format Version 12.00
Project("{FAE04EC0-301F-11D3-BF4B-00C04F79EFBC}") = "AssemblyDemo", "AssemblyDemo\AssemblyDemo.csproj", "{F0EEEFE5-4D94-41D4-8334-D4C3BA30771F}"
EndProject
Project("{FAE04EC0-301F-11D3-BF4B-00C04F79EFBC}") = "AssemblyAttrDemo", "AssemblyAttrDemo\AssemblyAttrDemo.csproj", "{3345B425-6BC3-4249-A453-085A4E5CA391}"
EndProject
Project("{FAE04EC0-301F-11D3-BF4B-00C04F79EFBC}") = "AssemblyTypeDemo", "AssemblyTypeDemo\AssemblyTypeDemo.csproj", "{6968CDA7-1179-463B-B1DE-0B14BDD8F1C1}"
EndProject
Project("{FAE04EC0-301F-11D3-BF4B-00C04F79EFBC}") = "DynamicCodeDemo", "DynamicCodeDemo\DynamicCodeDemo.csproj", "{5394B64B-6C0B-43F0-B25B-F3C44F7A1BC7}"
EndProject
Global
	GlobalSection(SolutionConfigurationPlatforms) = preSolution
		Debug|Any CPU = Debug|Any CPU
		Release|Any CPU = Release|Any CPU
	EndGlobalSection
	GlobalSection(ProjectConfigurationPlatforms) = postSolution
		{F0EEEFE5-4D94-41D4-8334-D4C3BA30771F}.Debug|Any CPU.ActiveCfg = Debug|Any CPU
		{F0EEEFE5-4D94-41D4-8334-D4C3BA30771F}.Debug|Any CPU.Build.0 = Debug|Any CPU
		{F0EEEFE5-4D94-41D4-8334-D4C3BA30771F}.Release|Any CPU.ActiveCfg = Release|Any CPU
		{F0EEEFE5-4D94-41D4-8334-D4C3BA30771F}.Release|Any CPU.Build.0 = Release|Any CPU
		{3345B425-6BC3-4249-A453-085A4E5CA391}.Debug|Any CPU.ActiveCfg = Debug|Any CPU
		{3345B425-6BC3-4249-A453-085A4E5CA391}.Debug|Any CPU.Build.0 = Debug|Any CPU
		{3345B425-6BC3-4249-A453-085A4E5CA391}.Release|Any CPU.ActiveCfg = Release|Any CPU
		{3345B425-6BC3-4249-A453-085A4E5CA391}.Release|Any CPU.Build.0 = Release|Any CPU
		{6968CDA7-1179-463B-B1DE-0B14BDD8F1C1}.Debug|Any CPU.ActiveCfg = Debug|Any CPU
		{6968CDA7-1179-463B-B1DE-0B14BDD8F1C1}.Debug|Any CPU.Build.0 = Debug|Any CPU
		{6968CDA7-1179-463B-B1DE-0B14BDD8F1C1}.Release|Any CPU.ActiveCfg = Release|Any CPU
		{6968CDA7-1179-463B-B1DE-0B14BDD8F1C1}.Release|Any CPU.Build.0 = Release|Any CPU
		{5394B64B-6C0B-43F0-B25B-F3C44F7A1BC7}.Debug|Any CPU.ActiveCfg = Debug|Any CPU
		{5394B64B-6C0B-43F0-B25B-F3C44F7A1BC7}.Debug|Any CPU.Build.0 = Debug|Any CPU
		{5394B64B-6C0B-43F0-B25B-F3C44F7A1BC7}.Release|Any CPU.ActiveCfg = Release|Any CPU
		{5394B64B-6C0B-43F0-B25B-F3C44F7A1BC7}.Release|Any CPU.Build.0 = Release|Any CPU
	EndGlobalSection
EndGlobal
